// !$*UTF8*$!
{
	archiveVersion = 1;
	classes = {
	};
	objectVersion = 51;
	objects = {

/* Begin PBXBuildFile section */
		250F41AF26F9774F009F322F /* Line.swift in Sources */ = {isa = PBXBuildFile; fileRef = 250F41AE26F9774F009F322F /* Line.swift */; };
		25313C7C26E478CE00271487 /* AppDelegate.swift in Sources */ = {isa = PBXBuildFile; fileRef = 25313C7B26E478CE00271487 /* AppDelegate.swift */; };
		25313C7E26E478CE00271487 /* SceneDelegate.swift in Sources */ = {isa = PBXBuildFile; fileRef = 25313C7D26E478CE00271487 /* SceneDelegate.swift */; };
		25313C8526E478CF00271487 /* Assets.xcassets in Resources */ = {isa = PBXBuildFile; fileRef = 25313C8426E478CF00271487 /* Assets.xcassets */; };
		25313C8826E478CF00271487 /* LaunchScreen.storyboard in Resources */ = {isa = PBXBuildFile; fileRef = 25313C8626E478CF00271487 /* LaunchScreen.storyboard */; };
		25313C9726E479E100271487 /* AppCoordinator.swift in Sources */ = {isa = PBXBuildFile; fileRef = 25313C9626E479E100271487 /* AppCoordinator.swift */; };
		25313C9926E47A9600271487 /* DrawingViewController.swift in Sources */ = {isa = PBXBuildFile; fileRef = 25313C9826E47A9600271487 /* DrawingViewController.swift */; };
		25313C9B26E47BFC00271487 /* DrawingViewControllerCoordinator.swift in Sources */ = {isa = PBXBuildFile; fileRef = 25313C9A26E47BFC00271487 /* DrawingViewControllerCoordinator.swift */; };
		25313C9D26E483EC00271487 /* Extensions.swift in Sources */ = {isa = PBXBuildFile; fileRef = 25313C9C26E483EC00271487 /* Extensions.swift */; };
		25313C9F26E485CB00271487 /* SettingsViewController.swift in Sources */ = {isa = PBXBuildFile; fileRef = 25313C9E26E485CB00271487 /* SettingsViewController.swift */; };
		25313CA326E49CAA00271487 /* Pencil.swift in Sources */ = {isa = PBXBuildFile; fileRef = 25313CA226E49CAA00271487 /* Pencil.swift */; };
		25313CA526E49D8400271487 /* DrawingViewControllerViewModel.swift in Sources */ = {isa = PBXBuildFile; fileRef = 25313CA426E49D8400271487 /* DrawingViewControllerViewModel.swift */; };
		2562360526FAF18100BADEC0 /* RingBuffer.swift in Sources */ = {isa = PBXBuildFile; fileRef = 2562360426FAF18100BADEC0 /* RingBuffer.swift */; };
		2D1521E7E5D40527797430D2 /* Pods_Drawing_App.framework in Frameworks */ = {isa = PBXBuildFile; fileRef = D4A467DA3FBEE2F3174E0EFD /* Pods_Drawing_App.framework */; };
/* End PBXBuildFile section */

/* Begin PBXFileReference section */
		250F41AE26F9774F009F322F /* Line.swift */ = {isa = PBXFileReference; lastKnownFileType = sourcecode.swift; path = Line.swift; sourceTree = "<group>"; };
		25313C7826E478CE00271487 /* Drawing_App.app */ = {isa = PBXFileReference; explicitFileType = wrapper.application; includeInIndex = 0; path = Drawing_App.app; sourceTree = BUILT_PRODUCTS_DIR; };
		25313C7B26E478CE00271487 /* AppDelegate.swift */ = {isa = PBXFileReference; lastKnownFileType = sourcecode.swift; path = AppDelegate.swift; sourceTree = "<group>"; };
		25313C7D26E478CE00271487 /* SceneDelegate.swift */ = {isa = PBXFileReference; lastKnownFileType = sourcecode.swift; path = SceneDelegate.swift; sourceTree = "<group>"; };
		25313C8426E478CF00271487 /* Assets.xcassets */ = {isa = PBXFileReference; lastKnownFileType = folder.assetcatalog; path = Assets.xcassets; sourceTree = "<group>"; };
		25313C8726E478CF00271487 /* Base */ = {isa = PBXFileReference; lastKnownFileType = file.storyboard; name = Base; path = Base.lproj/LaunchScreen.storyboard; sourceTree = "<group>"; };
		25313C8926E478CF00271487 /* Info.plist */ = {isa = PBXFileReference; lastKnownFileType = text.plist.xml; path = Info.plist; sourceTree = "<group>"; };
		25313C9626E479E100271487 /* AppCoordinator.swift */ = {isa = PBXFileReference; lastKnownFileType = sourcecode.swift; path = AppCoordinator.swift; sourceTree = "<group>"; };
		25313C9826E47A9600271487 /* DrawingViewController.swift */ = {isa = PBXFileReference; lastKnownFileType = sourcecode.swift; path = DrawingViewController.swift; sourceTree = "<group>"; };
		25313C9A26E47BFC00271487 /* DrawingViewControllerCoordinator.swift */ = {isa = PBXFileReference; lastKnownFileType = sourcecode.swift; path = DrawingViewControllerCoordinator.swift; sourceTree = "<group>"; };
		25313C9C26E483EC00271487 /* Extensions.swift */ = {isa = PBXFileReference; lastKnownFileType = sourcecode.swift; path = Extensions.swift; sourceTree = "<group>"; };
		25313C9E26E485CB00271487 /* SettingsViewController.swift */ = {isa = PBXFileReference; lastKnownFileType = sourcecode.swift; path = SettingsViewController.swift; sourceTree = "<group>"; };
		25313CA226E49CAA00271487 /* Pencil.swift */ = {isa = PBXFileReference; lastKnownFileType = sourcecode.swift; path = Pencil.swift; sourceTree = "<group>"; };
		25313CA426E49D8400271487 /* DrawingViewControllerViewModel.swift */ = {isa = PBXFileReference; lastKnownFileType = sourcecode.swift; path = DrawingViewControllerViewModel.swift; sourceTree = "<group>"; };
		2562360426FAF18100BADEC0 /* RingBuffer.swift */ = {isa = PBXFileReference; lastKnownFileType = sourcecode.swift; path = RingBuffer.swift; sourceTree = "<group>"; };
		3C660C6D96FD02897F0D45FA /* Pods-Drawing_App.debug.xcconfig */ = {isa = PBXFileReference; includeInIndex = 1; lastKnownFileType = text.xcconfig; name = "Pods-Drawing_App.debug.xcconfig"; path = "Target Support Files/Pods-Drawing_App/Pods-Drawing_App.debug.xcconfig"; sourceTree = "<group>"; };
		643B042F26B9184095B6DDAE /* Pods-Drawing_App.release.xcconfig */ = {isa = PBXFileReference; includeInIndex = 1; lastKnownFileType = text.xcconfig; name = "Pods-Drawing_App.release.xcconfig"; path = "Target Support Files/Pods-Drawing_App/Pods-Drawing_App.release.xcconfig"; sourceTree = "<group>"; };
		D4A467DA3FBEE2F3174E0EFD /* Pods_Drawing_App.framework */ = {isa = PBXFileReference; explicitFileType = wrapper.framework; includeInIndex = 0; path = Pods_Drawing_App.framework; sourceTree = BUILT_PRODUCTS_DIR; };
/* End PBXFileReference section */

/* Begin PBXFrameworksBuildPhase section */
		25313C7526E478CE00271487 /* Frameworks */ = {
			isa = PBXFrameworksBuildPhase;
			buildActionMask = 2147483647;
			files = (
				2D1521E7E5D40527797430D2 /* Pods_Drawing_App.framework in Frameworks */,
			);
			runOnlyForDeploymentPostprocessing = 0;
		};
/* End PBXFrameworksBuildPhase section */

/* Begin PBXGroup section */
		1F0932D035852E6683457DBE /* Pods */ = {
			isa = PBXGroup;
			children = (
				3C660C6D96FD02897F0D45FA /* Pods-Drawing_App.debug.xcconfig */,
				643B042F26B9184095B6DDAE /* Pods-Drawing_App.release.xcconfig */,
			);
			path = Pods;
			sourceTree = "<group>";
		};
		25313C6F26E478CE00271487 = {
			isa = PBXGroup;
			children = (
				25313C7A26E478CE00271487 /* Drawing_App */,
				25313C7926E478CE00271487 /* Products */,
				1F0932D035852E6683457DBE /* Pods */,
				E0520707EC2C73F04AC97748 /* Frameworks */,
			);
			sourceTree = "<group>";
		};
		25313C7926E478CE00271487 /* Products */ = {
			isa = PBXGroup;
			children = (
				25313C7826E478CE00271487 /* Drawing_App.app */,
			);
			name = Products;
			sourceTree = "<group>";
		};
		25313C7A26E478CE00271487 /* Drawing_App */ = {
			isa = PBXGroup;
			children = (
				25313CA126E49CA100271487 /* Models */,
				25313C8F26E478E000271487 /* App */,
				25313C9026E478E700271487 /* Asset */,
				25313C9526E4795B00271487 /* Coordinator */,
				25313C9326E4794800271487 /* Controllers */,
				25313C9226E4794500271487 /* ViewModels */,
				25313C9126E4794200271487 /* Views */,
			);
			path = Drawing_App;
			sourceTree = "<group>";
		};
		25313C8F26E478E000271487 /* App */ = {
			isa = PBXGroup;
			children = (
				25313C7B26E478CE00271487 /* AppDelegate.swift */,
				25313C7D26E478CE00271487 /* SceneDelegate.swift */,
				25313C9626E479E100271487 /* AppCoordinator.swift */,
				25313C9C26E483EC00271487 /* Extensions.swift */,
			);
			path = App;
			sourceTree = "<group>";
		};
		25313C9026E478E700271487 /* Asset */ = {
			isa = PBXGroup;
			children = (
				25313C8626E478CF00271487 /* LaunchScreen.storyboard */,
				25313C8926E478CF00271487 /* Info.plist */,
				25313C8426E478CF00271487 /* Assets.xcassets */,
			);
			path = Asset;
			sourceTree = "<group>";
		};
		25313C9126E4794200271487 /* Views */ = {
			isa = PBXGroup;
			children = (
			);
			path = Views;
			sourceTree = "<group>";
		};
		25313C9226E4794500271487 /* ViewModels */ = {
			isa = PBXGroup;
			children = (
				25313CA426E49D8400271487 /* DrawingViewControllerViewModel.swift */,
			);
			path = ViewModels;
			sourceTree = "<group>";
		};
		25313C9326E4794800271487 /* Controllers */ = {
			isa = PBXGroup;
			children = (
				25313CA026E4874400271487 /* Drawing */,
			);
			path = Controllers;
			sourceTree = "<group>";
		};
		25313C9526E4795B00271487 /* Coordinator */ = {
			isa = PBXGroup;
			children = (
				25313C9A26E47BFC00271487 /* DrawingViewControllerCoordinator.swift */,
			);
			path = Coordinator;
			sourceTree = "<group>";
		};
		25313CA026E4874400271487 /* Drawing */ = {
			isa = PBXGroup;
			children = (
				25313C9826E47A9600271487 /* DrawingViewController.swift */,
				25313C9E26E485CB00271487 /* SettingsViewController.swift */,
			);
			path = Drawing;
			sourceTree = "<group>";
		};
		25313CA126E49CA100271487 /* Models */ = {
			isa = PBXGroup;
			children = (
				25313CA226E49CAA00271487 /* Pencil.swift */,
				250F41AE26F9774F009F322F /* Line.swift */,
				2562360426FAF18100BADEC0 /* RingBuffer.swift */,
			);
			path = Models;
			sourceTree = "<group>";
		};
		E0520707EC2C73F04AC97748 /* Frameworks */ = {
			isa = PBXGroup;
			children = (
				D4A467DA3FBEE2F3174E0EFD /* Pods_Drawing_App.framework */,
			);
			name = Frameworks;
			sourceTree = "<group>";
		};
/* End PBXGroup section */

/* Begin PBXNativeTarget section */
		25313C7726E478CE00271487 /* Drawing_App */ = {
			isa = PBXNativeTarget;
			buildConfigurationList = 25313C8C26E478CF00271487 /* Build configuration list for PBXNativeTarget "Drawing_App" */;
			buildPhases = (
				1F0DD4D316BDABBA1B8EBEB8 /* [CP] Check Pods Manifest.lock */,
				25313C7426E478CE00271487 /* Sources */,
				25313C7526E478CE00271487 /* Frameworks */,
				25313C7626E478CE00271487 /* Resources */,
				2AD40C4F6F2C9686BA6AF4A3 /* [CP] Embed Pods Frameworks */,
			);
			buildRules = (
			);
			dependencies = (
			);
			name = Drawing_App;
			productName = Drawing_App;
			productReference = 25313C7826E478CE00271487 /* Drawing_App.app */;
			productType = "com.apple.product-type.application";
		};
/* End PBXNativeTarget section */

/* Begin PBXProject section */
		25313C7026E478CE00271487 /* Project object */ = {
			isa = PBXProject;
			attributes = {
				LastSwiftUpdateCheck = 1250;
				LastUpgradeCheck = 1250;
				TargetAttributes = {
					25313C7726E478CE00271487 = {
						CreatedOnToolsVersion = 12.5.1;
					};
				};
			};
			buildConfigurationList = 25313C7326E478CE00271487 /* Build configuration list for PBXProject "Drawing_App" */;
			compatibilityVersion = "Xcode 9.3";
			developmentRegion = en;
			hasScannedForEncodings = 0;
			knownRegions = (
				en,
				Base,
			);
			mainGroup = 25313C6F26E478CE00271487;
			productRefGroup = 25313C7926E478CE00271487 /* Products */;
			projectDirPath = "";
			projectRoot = "";
			targets = (
				25313C7726E478CE00271487 /* Drawing_App */,
			);
		};
/* End PBXProject section */

/* Begin PBXResourcesBuildPhase section */
		25313C7626E478CE00271487 /* Resources */ = {
			isa = PBXResourcesBuildPhase;
			buildActionMask = 2147483647;
			files = (
				25313C8826E478CF00271487 /* LaunchScreen.storyboard in Resources */,
				25313C8526E478CF00271487 /* Assets.xcassets in Resources */,
			);
			runOnlyForDeploymentPostprocessing = 0;
		};
/* End PBXResourcesBuildPhase section */

/* Begin PBXShellScriptBuildPhase section */
		1F0DD4D316BDABBA1B8EBEB8 /* [CP] Check Pods Manifest.lock */ = {
			isa = PBXShellScriptBuildPhase;
			buildActionMask = 2147483647;
			files = (
			);
			inputFileListPaths = (
			);
			inputPaths = (
				"${PODS_PODFILE_DIR_PATH}/Podfile.lock",
				"${PODS_ROOT}/Manifest.lock",
			);
			name = "[CP] Check Pods Manifest.lock";
			outputFileListPaths = (
			);
			outputPaths = (
				"$(DERIVED_FILE_DIR)/Pods-Drawing_App-checkManifestLockResult.txt",
			);
			runOnlyForDeploymentPostprocessing = 0;
			shellPath = /bin/sh;
			shellScript = "diff \"${PODS_PODFILE_DIR_PATH}/Podfile.lock\" \"${PODS_ROOT}/Manifest.lock\" > /dev/null\nif [ $? != 0 ] ; then\n    # print error to STDERR\n    echo \"error: The sandbox is not in sync with the Podfile.lock. Run 'pod install' or update your CocoaPods installation.\" >&2\n    exit 1\nfi\n# This output is used by Xcode 'outputs' to avoid re-running this script phase.\necho \"SUCCESS\" > \"${SCRIPT_OUTPUT_FILE_0}\"\n";
			showEnvVarsInLog = 0;
		};
		2AD40C4F6F2C9686BA6AF4A3 /* [CP] Embed Pods Frameworks */ = {
			isa = PBXShellScriptBuildPhase;
			buildActionMask = 2147483647;
			files = (
			);
			inputFileListPaths = (
				"${PODS_ROOT}/Target Support Files/Pods-Drawing_App/Pods-Drawing_App-frameworks-${CONFIGURATION}-input-files.xcfilelist",
			);
			name = "[CP] Embed Pods Frameworks";
			outputFileListPaths = (
				"${PODS_ROOT}/Target Support Files/Pods-Drawing_App/Pods-Drawing_App-frameworks-${CONFIGURATION}-output-files.xcfilelist",
			);
			runOnlyForDeploymentPostprocessing = 0;
			shellPath = /bin/sh;
			shellScript = "\"${PODS_ROOT}/Target Support Files/Pods-Drawing_App/Pods-Drawing_App-frameworks.sh\"\n";
			showEnvVarsInLog = 0;
		};
/* End PBXShellScriptBuildPhase section */

/* Begin PBXSourcesBuildPhase section */
		25313C7426E478CE00271487 /* Sources */ = {
			isa = PBXSourcesBuildPhase;
			buildActionMask = 2147483647;
			files = (
				25313C9B26E47BFC00271487 /* DrawingViewControllerCoordinator.swift in Sources */,
				25313C9D26E483EC00271487 /* Extensions.swift in Sources */,
				25313CA326E49CAA00271487 /* Pencil.swift in Sources */,
				25313C9F26E485CB00271487 /* SettingsViewController.swift in Sources */,
				2562360526FAF18100BADEC0 /* RingBuffer.swift in Sources */,
				25313C9726E479E100271487 /* AppCoordinator.swift in Sources */,
				25313C9926E47A9600271487 /* DrawingViewController.swift in Sources */,
				25313C7C26E478CE00271487 /* AppDelegate.swift in Sources */,
				25313CA526E49D8400271487 /* DrawingViewControllerViewModel.swift in Sources */,
				25313C7E26E478CE00271487 /* SceneDelegate.swift in Sources */,
				250F41AF26F9774F009F322F /* Line.swift in Sources */,
			);
			runOnlyForDeploymentPostprocessing = 0;
		};
/* End PBXSourcesBuildPhase section */

/* Begin PBXVariantGroup section */
		25313C8626E478CF00271487 /* LaunchScreen.storyboard */ = {
			isa = PBXVariantGroup;
			children = (
				25313C8726E478CF00271487 /* Base */,
			);
			name = LaunchScreen.storyboard;
			sourceTree = "<group>";
		};
/* End PBXVariantGroup section */

/* Begin XCBuildConfiguration section */
		25313C8A26E478CF00271487 /* Debug */ = {
			isa = XCBuildConfiguration;
			buildSettings = {
				ALWAYS_SEARCH_USER_PATHS = NO;
				CLANG_ANALYZER_NONNULL = YES;
				CLANG_ANALYZER_NUMBER_OBJECT_CONVERSION = YES_AGGRESSIVE;
				CLANG_CXX_LANGUAGE_STANDARD = "gnu++14";
				CLANG_CXX_LIBRARY = "libc++";
				CLANG_ENABLE_MODULES = YES;
				CLANG_ENABLE_OBJC_ARC = YES;
				CLANG_ENABLE_OBJC_WEAK = YES;
				CLANG_WARN_BLOCK_CAPTURE_AUTORELEASING = YES;
				CLANG_WARN_BOOL_CONVERSION = YES;
				CLANG_WARN_COMMA = YES;
				CLANG_WARN_CONSTANT_CONVERSION = YES;
				CLANG_WARN_DEPRECATED_OBJC_IMPLEMENTATIONS = YES;
				CLANG_WARN_DIRECT_OBJC_ISA_USAGE = YES_ERROR;
				CLANG_WARN_DOCUMENTATION_COMMENTS = YES;
				CLANG_WARN_EMPTY_BODY = YES;
				CLANG_WARN_ENUM_CONVERSION = YES;
				CLANG_WARN_INFINITE_RECURSION = YES;
				CLANG_WARN_INT_CONVERSION = YES;
				CLANG_WARN_NON_LITERAL_NULL_CONVERSION = YES;
				CLANG_WARN_OBJC_IMPLICIT_RETAIN_SELF = YES;
				CLANG_WARN_OBJC_LITERAL_CONVERSION = YES;
				CLANG_WARN_OBJC_ROOT_CLASS = YES_ERROR;
				CLANG_WARN_QUOTED_INCLUDE_IN_FRAMEWORK_HEADER = YES;
				CLANG_WARN_RANGE_LOOP_ANALYSIS = YES;
				CLANG_WARN_STRICT_PROTOTYPES = YES;
				CLANG_WARN_SUSPICIOUS_MOVE = YES;
				CLANG_WARN_UNGUARDED_AVAILABILITY = YES_AGGRESSIVE;
				CLANG_WARN_UNREACHABLE_CODE = YES;
				CLANG_WARN__DUPLICATE_METHOD_MATCH = YES;
				COPY_PHASE_STRIP = NO;
				DEBUG_INFORMATION_FORMAT = dwarf;
				ENABLE_STRICT_OBJC_MSGSEND = YES;
				ENABLE_TESTABILITY = YES;
				GCC_C_LANGUAGE_STANDARD = gnu11;
				GCC_DYNAMIC_NO_PIC = NO;
				GCC_NO_COMMON_BLOCKS = YES;
				GCC_OPTIMIZATION_LEVEL = 0;
				GCC_PREPROCESSOR_DEFINITIONS = (
					"DEBUG=1",
					"$(inherited)",
				);
				GCC_WARN_64_TO_32_BIT_CONVERSION = YES;
				GCC_WARN_ABOUT_RETURN_TYPE = YES_ERROR;
				GCC_WARN_UNDECLARED_SELECTOR = YES;
				GCC_WARN_UNINITIALIZED_AUTOS = YES_AGGRESSIVE;
				GCC_WARN_UNUSED_FUNCTION = YES;
				GCC_WARN_UNUSED_VARIABLE = YES;
				IPHONEOS_DEPLOYMENT_TARGET = 14.5;
				MTL_ENABLE_DEBUG_INFO = INCLUDE_SOURCE;
				MTL_FAST_MATH = YES;
				ONLY_ACTIVE_ARCH = YES;
				SDKROOT = iphoneos;
				SWIFT_ACTIVE_COMPILATION_CONDITIONS = DEBUG;
				SWIFT_OPTIMIZATION_LEVEL = "-Onone";
			};
			name = Debug;
		};
		25313C8B26E478CF00271487 /* Release */ = {
			isa = XCBuildConfiguration;
			buildSettings = {
				ALWAYS_SEARCH_USER_PATHS = NO;
				CLANG_ANALYZER_NONNULL = YES;
				CLANG_ANALYZER_NUMBER_OBJECT_CONVERSION = YES_AGGRESSIVE;
				CLANG_CXX_LANGUAGE_STANDARD = "gnu++14";
				CLANG_CXX_LIBRARY = "libc++";
				CLANG_ENABLE_MODULES = YES;
				CLANG_ENABLE_OBJC_ARC = YES;
				CLANG_ENABLE_OBJC_WEAK = YES;
				CLANG_WARN_BLOCK_CAPTURE_AUTORELEASING = YES;
				CLANG_WARN_BOOL_CONVERSION = YES;
				CLANG_WARN_COMMA = YES;
				CLANG_WARN_CONSTANT_CONVERSION = YES;
				CLANG_WARN_DEPRECATED_OBJC_IMPLEMENTATIONS = YES;
				CLANG_WARN_DIRECT_OBJC_ISA_USAGE = YES_ERROR;
				CLANG_WARN_DOCUMENTATION_COMMENTS = YES;
				CLANG_WARN_EMPTY_BODY = YES;
				CLANG_WARN_ENUM_CONVERSION = YES;
				CLANG_WARN_INFINITE_RECURSION = YES;
				CLANG_WARN_INT_CONVERSION = YES;
				CLANG_WARN_NON_LITERAL_NULL_CONVERSION = YES;
				CLANG_WARN_OBJC_IMPLICIT_RETAIN_SELF = YES;
				CLANG_WARN_OBJC_LITERAL_CONVERSION = YES;
				CLANG_WARN_OBJC_ROOT_CLASS = YES_ERROR;
				CLANG_WARN_QUOTED_INCLUDE_IN_FRAMEWORK_HEADER = YES;
				CLANG_WARN_RANGE_LOOP_ANALYSIS = YES;
				CLANG_WARN_STRICT_PROTOTYPES = YES;
				CLANG_WARN_SUSPICIOUS_MOVE = YES;
				CLANG_WARN_UNGUARDED_AVAILABILITY = YES_AGGRESSIVE;
				CLANG_WARN_UNREACHABLE_CODE = YES;
				CLANG_WARN__DUPLICATE_METHOD_MATCH = YES;
				COPY_PHASE_STRIP = NO;
				DEBUG_INFORMATION_FORMAT = "dwarf-with-dsym";
				ENABLE_NS_ASSERTIONS = NO;
				ENABLE_STRICT_OBJC_MSGSEND = YES;
				GCC_C_LANGUAGE_STANDARD = gnu11;
				GCC_NO_COMMON_BLOCKS = YES;
				GCC_WARN_64_TO_32_BIT_CONVERSION = YES;
				GCC_WARN_ABOUT_RETURN_TYPE = YES_ERROR;
				GCC_WARN_UNDECLARED_SELECTOR = YES;
				GCC_WARN_UNINITIALIZED_AUTOS = YES_AGGRESSIVE;
				GCC_WARN_UNUSED_FUNCTION = YES;
				GCC_WARN_UNUSED_VARIABLE = YES;
				IPHONEOS_DEPLOYMENT_TARGET = 14.5;
				MTL_ENABLE_DEBUG_INFO = NO;
				MTL_FAST_MATH = YES;
				SDKROOT = iphoneos;
				SWIFT_COMPILATION_MODE = wholemodule;
				SWIFT_OPTIMIZATION_LEVEL = "-O";
				VALIDATE_PRODUCT = YES;
			};
			name = Release;
		};
		25313C8D26E478CF00271487 /* Debug */ = {
			isa = XCBuildConfiguration;
			baseConfigurationReference = 3C660C6D96FD02897F0D45FA /* Pods-Drawing_App.debug.xcconfig */;
			buildSettings = {
				ASSETCATALOG_COMPILER_APPICON_NAME = AppIcon;
				ASSETCATALOG_COMPILER_GLOBAL_ACCENT_COLOR_NAME = AccentColor;
				CODE_SIGN_STYLE = Automatic;
				DEVELOPMENT_TEAM = 5WAUHBZJ8Z;
				INFOPLIST_FILE = Drawing_App/Asset/Info.plist;
				LD_RUNPATH_SEARCH_PATHS = (
					"$(inherited)",
					"@executable_path/Frameworks",
				);
				PRODUCT_BUNDLE_IDENTIFIER = "KimUno.Drawing-App";
				PRODUCT_NAME = "$(TARGET_NAME)";
				SWIFT_VERSION = 5.0;
				TARGETED_DEVICE_FAMILY = "1,2";
			};
			name = Debug;
		};
		25313C8E26E478CF00271487 /* Release */ = {
			isa = XCBuildConfiguration;
			baseConfigurationReference = 643B042F26B9184095B6DDAE /* Pods-Drawing_App.release.xcconfig */;
			buildSettings = {
				ASSETCATALOG_COMPILER_APPICON_NAME = AppIcon;
				ASSETCATALOG_COMPILER_GLOBAL_ACCENT_COLOR_NAME = AccentColor;
				CODE_SIGN_STYLE = Automatic;
				DEVELOPMENT_TEAM = 5WAUHBZJ8Z;
				INFOPLIST_FILE = Drawing_App/Asset/Info.plist;
				LD_RUNPATH_SEARCH_PATHS = (
					"$(inherited)",
					"@executable_path/Frameworks",
				);
				PRODUCT_BUNDLE_IDENTIFIER = "KimUno.Drawing-App";
				PRODUCT_NAME = "$(TARGET_NAME)";
				SWIFT_VERSION = 5.0;
				TARGETED_DEVICE_FAMILY = "1,2";
			};
			name = Release;
		};
/* End XCBuildConfiguration section */

/* Begin XCConfigurationList section */
		25313C7326E478CE00271487 /* Build configuration list for PBXProject "Drawing_App" */ = {
			isa = XCConfigurationList;
			buildConfigurations = (
				25313C8A26E478CF00271487 /* Debug */,
				25313C8B26E478CF00271487 /* Release */,
			);
			defaultConfigurationIsVisible = 0;
			defaultConfigurationName = Release;
		};
		25313C8C26E478CF00271487 /* Build configuration list for PBXNativeTarget "Drawing_App" */ = {
			isa = XCConfigurationList;
			buildConfigurations = (
				25313C8D26E478CF00271487 /* Debug */,
				25313C8E26E478CF00271487 /* Release */,
			);
			defaultConfigurationIsVisible = 0;
			defaultConfigurationName = Release;
		};
/* End XCConfigurationList section */
	};
	rootObject = 25313C7026E478CE00271487 /* Project object */;
}
